<?xml version="1.0" encoding="utf-8"?>
<Project ToolsVersion="4.0" xmlns="http://schemas.microsoft.com/developer/msbuild/2003">
  <ItemGroup>
    <Filter Include="Source Files">
      <UniqueIdentifier>{4FC737F1-C7A5-4376-A066-2A32D752A2FF}</UniqueIdentifier>
      <Extensions>cpp;c;cc;cxx;def;odl;idl;hpj;bat;asm;asmx</Extensions>
    </Filter>
    <Filter Include="Header Files">
      <UniqueIdentifier>{93995380-89BD-4b04-88EB-625FBE52EBFB}</UniqueIdentifier>
      <Extensions>h;hpp;hxx;hm;inl;inc;xsd</Extensions>
    </Filter>
    <Filter Include="Resource Files">
      <UniqueIdentifier>{67DA6AB6-F800-4c08-8B7A-83BB121AAD01}</UniqueIdentifier>
      <Extensions>rc;ico;cur;bmp;dlg;rc2;rct;bin;rgs;gif;jpg;jpeg;jpe;resx;tiff;tif;png;wav;mfcribbon-ms</Extensions>
    </Filter>
  </ItemGroup>
  <ItemGroup>
    <None Include="ReadMe.txt" />
    <None Include="..\CDR_IN_FORMAT.config" />
  </ItemGroup>
  <ItemGroup>
    <ClInclude Include="stdafx.h">
      <Filter>Header Files</Filter>
    </ClInclude>
    <ClInclude Include="targetver.h">
      <Filter>Header Files</Filter>
    </ClInclude>
    <ClInclude Include="Record.h">
      <Filter>Header Files</Filter>
    </ClInclude>
    <ClInclude Include="FixedLocationRecord.h">
      <Filter>Header Files</Filter>
    </ClInclude>
    <ClInclude Include="CharRecord.h">
      <Filter>Header Files</Filter>
    </ClInclude>
    <ClInclude Include="CDRTypes.h">
      <Filter>Header Files</Filter>
    </ClInclude>
    <ClInclude Include="Config.h">
      <Filter>Header Files</Filter>
    </ClInclude>
    <ClInclude Include="RecordFactory.h">
      <Filter>Header Files</Filter>
    </ClInclude>
    <ClInclude Include="MyCDRBASE.h">
      <Filter>Header Files</Filter>
    </ClInclude>
    <ClInclude Include="FileReader.h">
      <Filter>Header Files</Filter>
    </ClInclude>
    <ClInclude Include="Recorditerator.h">
      <Filter>Header Files</Filter>
    </ClInclude>
    <ClInclude Include="CharRecordIteraor.h">
      <Filter>Header Files</Filter>
    </ClInclude>
    <ClInclude Include="sqlite3.h">
      <Filter>Header Files</Filter>
    </ClInclude>
    <ClInclude Include="cpptcl-1.1.3\cpptcl.h">
      <Filter>Header Files</Filter>
    </ClInclude>
    <ClInclude Include="cpptcl-1.1.3\details\callbacks.h">
      <Filter>Header Files</Filter>
    </ClInclude>
    <ClInclude Include="cpptcl-1.1.3\details\callbacks_v.h">
      <Filter>Header Files</Filter>
    </ClInclude>
    <ClInclude Include="cpptcl-1.1.3\details\constructors.h">
      <Filter>Header Files</Filter>
    </ClInclude>
    <ClInclude Include="cpptcl-1.1.3\details\conversions.h">
      <Filter>Header Files</Filter>
    </ClInclude>
    <ClInclude Include="cpptcl-1.1.3\details\dispatchers.h">
      <Filter>Header Files</Filter>
    </ClInclude>
    <ClInclude Include="cpptcl-1.1.3\details\metahelpers.h">
      <Filter>Header Files</Filter>
    </ClInclude>
    <ClInclude Include="cpptcl-1.1.3\details\methods.h">
      <Filter>Header Files</Filter>
    </ClInclude>
    <ClInclude Include="cpptcl-1.1.3\details\methods_v.h">
      <Filter>Header Files</Filter>
    </ClInclude>
    <ClInclude Include="CharRecordContainer.h">
      <Filter>Header Files</Filter>
    </ClInclude>
    <ClInclude Include="MMapFileReader.h">
      <Filter>Header Files</Filter>
    </ClInclude>
    <ClInclude Include="FileReaderStrategy.h">
      <Filter>Header Files</Filter>
    </ClInclude>
    <ClInclude Include="Driver.h">
      <Filter>Header Files</Filter>
    </ClInclude>
    <ClInclude Include="DirMoniter.h">
      <Filter>Header Files</Filter>
    </ClInclude>
    <ClInclude Include="TaskExecutor.h">
      <Filter>Header Files</Filter>
    </ClInclude>
    <ClInclude Include="RecordContainer.h">
      <Filter>Header Files</Filter>
    </ClInclude>
    <ClInclude Include="FixedRecordContainer.h">
      <Filter>Header Files</Filter>
    </ClInclude>
    <ClInclude Include="RecordContainerFactory.h">
      <Filter>Header Files</Filter>
    </ClInclude>
    <ClInclude Include="FixedRecordIteraor.h">
      <Filter>Header Files</Filter>
    </ClInclude>
    <ClInclude Include="UnitTest.h">
      <Filter>Header Files</Filter>
    </ClInclude>
    <ClInclude Include="GeneralRecord.h">
      <Filter>Header Files</Filter>
    </ClInclude>
    <ClInclude Include="Logger.h">
      <Filter>Header Files</Filter>
    </ClInclude>
    <ClInclude Include="DBConfig.h">
      <Filter>Header Files</Filter>
    </ClInclude>
    <ClInclude Include="DBConfigSQLLITE.h">
      <Filter>Header Files</Filter>
    </ClInclude>
  </ItemGroup>
  <ItemGroup>
    <ClCompile Include="stdafx.cpp">
      <Filter>Source Files</Filter>
    </ClCompile>
    <ClCompile Include="MyCDR.cpp">
      <Filter>Source Files</Filter>
    </ClCompile>
    <ClCompile Include="Record.cpp">
      <Filter>Source Files</Filter>
    </ClCompile>
    <ClCompile Include="FixedLocationRecord.cpp">
      <Filter>Source Files</Filter>
    </ClCompile>
    <ClCompile Include="CharRecord.cpp">
      <Filter>Source Files</Filter>
    </ClCompile>
    <ClCompile Include="Config.cpp">
      <Filter>Source Files</Filter>
    </ClCompile>
    <ClCompile Include="RecordFactory.cpp">
      <Filter>Source Files</Filter>
    </ClCompile>
    <ClCompile Include="MyCDRBASE.cpp">
      <Filter>Source Files</Filter>
    </ClCompile>
    <ClCompile Include="FileReader.cpp">
      <Filter>Source Files</Filter>
    </ClCompile>
    <ClCompile Include="Recorditerator.cpp">
      <Filter>Source Files</Filter>
    </ClCompile>
    <ClCompile Include="CharRecordIteraor.cpp">
      <Filter>Source Files</Filter>
    </ClCompile>
    <ClCompile Include="cpptcl-1.1.3\cpptcl.cpp">
      <Filter>Source Files</Filter>
    </ClCompile>
    <ClCompile Include="CharRecordContainer.cpp">
      <Filter>Source Files</Filter>
    </ClCompile>
    <ClCompile Include="MMapFileReader.cpp">
      <Filter>Source Files</Filter>
    </ClCompile>
    <ClCompile Include="FileReaderStrategy.cpp">
      <Filter>Source Files</Filter>
    </ClCompile>
    <ClCompile Include="Driver.cpp">
      <Filter>Source Files</Filter>
    </ClCompile>
    <ClCompile Include="DirMoniter.cpp">
      <Filter>Source Files</Filter>
    </ClCompile>
    <ClCompile Include="TaskExecutor.cpp">
      <Filter>Source Files</Filter>
    </ClCompile>
    <ClCompile Include="RecordContainer.cpp">
      <Filter>Source Files</Filter>
    </ClCompile>
    <ClCompile Include="FixedRecordContainer.cpp">
      <Filter>Source Files</Filter>
    </ClCompile>
    <ClCompile Include="RecordContainerFactory.cpp">
      <Filter>Source Files</Filter>
    </ClCompile>
    <ClCompile Include="FixedRecordIteraor.cpp">
      <Filter>Source Files</Filter>
    </ClCompile>
    <ClCompile Include="UnitTest.cpp">
      <Filter>Source Files</Filter>
    </ClCompile>
    <ClCompile Include="GeneralRecord.cpp">
      <Filter>Source Files</Filter>
    </ClCompile>
    <ClCompile Include="tclsqlite3.c">
      <Filter>Source Files</Filter>
    </ClCompile>
    <ClCompile Include="Logger.cpp">
      <Filter>Source Files</Filter>
    </ClCompile>
    <ClCompile Include="DBConfig.cpp">
      <Filter>Source Files</Filter>
    </ClCompile>
    <ClCompile Include="DBConfigSQLLITE.cpp">
      <Filter>Source Files</Filter>
    </ClCompile>
    <ClCompile Include="..\..\sqlite-amalgamation-3071000\sqlite3.c">
      <Filter>Source Files</Filter>
    </ClCompile>
  </ItemGroup>
</Project>